Microsoft Visual Studio Solution File, Format Version 11.00
# Visual Studio 2008

Project("{7CBA1C01-9D85-F2A9-E6A9-4280F50A9C72}") = "FurryGame", "Assembly-CSharp-firstpass.csproj", "{3EF7BDF9-B960-AD27-5FEB-BDC09BC4D8B2}"
EndProject
Project("{7CBA1C01-9D85-F2A9-E6A9-4280F50A9C72}") = "FurryGame", "Assembly-CSharp.csproj", "{D51417E9-7D33-1747-9E20-9DA37A96787B}"
EndProject
Project("{7CBA1C01-9D85-F2A9-E6A9-4280F50A9C72}") = "FurryGame", "Assembly-CSharp-Editor.csproj", "{59DC527F-0CDB-E1CC-6EE2-4003EAA9E7E4}"
EndProject
Global
	GlobalSection(SolutionConfigurationPlatforms) = preSolution
		Debug|Any CPU = Debug|Any CPU
		Release|Any CPU = Release|Any CPU
	EndGlobalSection
	GlobalSection(ProjectConfigurationPlatforms) = postSolution
		{3EF7BDF9-B960-AD27-5FEB-BDC09BC4D8B2}.Debug|Any CPU.ActiveCfg = Debug|Any CPU
		{3EF7BDF9-B960-AD27-5FEB-BDC09BC4D8B2}.Debug|Any CPU.Build.0 = Debug|Any CPU
		{3EF7BDF9-B960-AD27-5FEB-BDC09BC4D8B2}.Release|Any CPU.ActiveCfg = Release|Any CPU
		{3EF7BDF9-B960-AD27-5FEB-BDC09BC4D8B2}.Release|Any CPU.Build.0 = Release|Any CPU
		{D51417E9-7D33-1747-9E20-9DA37A96787B}.Debug|Any CPU.ActiveCfg = Debug|Any CPU
		{D51417E9-7D33-1747-9E20-9DA37A96787B}.Debug|Any CPU.Build.0 = Debug|Any CPU
		{D51417E9-7D33-1747-9E20-9DA37A96787B}.Release|Any CPU.ActiveCfg = Release|Any CPU
		{D51417E9-7D33-1747-9E20-9DA37A96787B}.Release|Any CPU.Build.0 = Release|Any CPU
		{59DC527F-0CDB-E1CC-6EE2-4003EAA9E7E4}.Debug|Any CPU.ActiveCfg = Debug|Any CPU
		{59DC527F-0CDB-E1CC-6EE2-4003EAA9E7E4}.Debug|Any CPU.Build.0 = Debug|Any CPU
		{59DC527F-0CDB-E1CC-6EE2-4003EAA9E7E4}.Release|Any CPU.ActiveCfg = Release|Any CPU
		{59DC527F-0CDB-E1CC-6EE2-4003EAA9E7E4}.Release|Any CPU.Build.0 = Release|Any CPU
	EndGlobalSection
	GlobalSection(SolutionProperties) = preSolution
		HideSolutionNode = FALSE
	EndGlobalSection
																																																																																																																																																																																																																																																																																															GlobalSection(MonoDevelopProperties) = preSolution
		StartupItem = Assembly-CSharp.csproj
		Policies = $0
		$0.TextStylePolicy = $1
		$1.inheritsSet = null
		$1.scope = text/x-csharp
		$0.CSharpFormattingPolicy = $2
		$2.inheritsSet = Mono
		$2.inheritsScope = text/x-csharp
		$2.scope = text/x-csharp
		$0.TextStylePolicy = $3
		$3.FileWidth = 120
		$3.TabWidth = 4
		$3.IndentWidth = 4
		$3.EolMarker = Unix
		$3.inheritsSet = Mono
		$3.inheritsScope = text/plain
		$3.scope = text/plain
	EndGlobalSection

EndGlobal
